
Microsoft Visual Studio Solution File, Format Version 12.00
# Visual Studio 15
VisualStudioVersion = 15.0.28010.2041
MinimumVisualStudioVersion = 10.0.40219.1
Project("{FAE04EC0-301F-11D3-BF4B-00C04F79EFBC}") = "BlueToothPrinter.Android", "BlueToothPrinter\BlueToothPrinter.Android\BlueToothPrinter.Android.csproj", "{71FE7CF6-F239-4795-98DD-CB3F81EE6762}"
EndProject
Project("{FAE04EC0-301F-11D3-BF4B-00C04F79EFBC}") = "BlueToothPrinter.iOS", "BlueToothPrinter\BlueToothPrinter.iOS\BlueToothPrinter.iOS.csproj", "{E343673E-B8A7-4D8C-B7FB-0F8EFD30D3BF}"
EndProject
Project("{FAE04EC0-301F-11D3-BF4B-00C04F79EFBC}") = "BlueToothPrinter.UWP", "BlueToothPrinter\BlueToothPrinter.UWP\BlueToothPrinter.UWP.csproj", "{DD9DD0E2-79E0-469C-B964-29CFD0667E46}"
EndProject
Project("{9A19103F-16F7-4668-BE54-9A1E7A4F7556}") = "BlueToothPrinter", "BlueToothPrinter\BlueToothPrinter\BlueToothPrinter.csproj", "{0B7E0A3D-D196-42CE-8982-43A65281AFDF}"
EndProject
Global
	GlobalSection(SolutionConfigurationPlatforms) = preSolution
		Ad-Hoc|Any CPU = Ad-Hoc|Any CPU
		Ad-Hoc|ARM = Ad-Hoc|ARM
		Ad-Hoc|iPhone = Ad-Hoc|iPhone
		Ad-Hoc|iPhoneSimulator = Ad-Hoc|iPhoneSimulator
		Ad-Hoc|x64 = Ad-Hoc|x64
		Ad-Hoc|x86 = Ad-Hoc|x86
		AppStore|Any CPU = AppStore|Any CPU
		AppStore|ARM = AppStore|ARM
		AppStore|iPhone = AppStore|iPhone
		AppStore|iPhoneSimulator = AppStore|iPhoneSimulator
		AppStore|x64 = AppStore|x64
		AppStore|x86 = AppStore|x86
		Debug|Any CPU = Debug|Any CPU
		Debug|ARM = Debug|ARM
		Debug|iPhone = Debug|iPhone
		Debug|iPhoneSimulator = Debug|iPhoneSimulator
		Debug|x64 = Debug|x64
		Debug|x86 = Debug|x86
		Release|Any CPU = Release|Any CPU
		Release|ARM = Release|ARM
		Release|iPhone = Release|iPhone
		Release|iPhoneSimulator = Release|iPhoneSimulator
		Release|x64 = Release|x64
		Release|x86 = Release|x86
	EndGlobalSection
	GlobalSection(ProjectConfigurationPlatforms) = postSolution
		{71FE7CF6-F239-4795-98DD-CB3F81EE6762}.Ad-Hoc|Any CPU.ActiveCfg = Release|Any CPU
		{71FE7CF6-F239-4795-98DD-CB3F81EE6762}.Ad-Hoc|Any CPU.Build.0 = Release|Any CPU
		{71FE7CF6-F239-4795-98DD-CB3F81EE6762}.Ad-Hoc|Any CPU.Deploy.0 = Release|Any CPU
		{71FE7CF6-F239-4795-98DD-CB3F81EE6762}.Ad-Hoc|ARM.ActiveCfg = Release|Any CPU
		{71FE7CF6-F239-4795-98DD-CB3F81EE6762}.Ad-Hoc|ARM.Build.0 = Release|Any CPU
		{71FE7CF6-F239-4795-98DD-CB3F81EE6762}.Ad-Hoc|ARM.Deploy.0 = Release|Any CPU
		{71FE7CF6-F239-4795-98DD-CB3F81EE6762}.Ad-Hoc|iPhone.ActiveCfg = Release|Any CPU
		{71FE7CF6-F239-4795-98DD-CB3F81EE6762}.Ad-Hoc|iPhone.Build.0 = Release|Any CPU
		{71FE7CF6-F239-4795-98DD-CB3F81EE6762}.Ad-Hoc|iPhone.Deploy.0 = Release|Any CPU
		{71FE7CF6-F239-4795-98DD-CB3F81EE6762}.Ad-Hoc|iPhoneSimulator.ActiveCfg = Release|Any CPU
		{71FE7CF6-F239-4795-98DD-CB3F81EE6762}.Ad-Hoc|iPhoneSimulator.Build.0 = Release|Any CPU
		{71FE7CF6-F239-4795-98DD-CB3F81EE6762}.Ad-Hoc|iPhoneSimulator.Deploy.0 = Release|Any CPU
		{71FE7CF6-F239-4795-98DD-CB3F81EE6762}.Ad-Hoc|x64.ActiveCfg = Release|Any CPU
		{71FE7CF6-F239-4795-98DD-CB3F81EE6762}.Ad-Hoc|x64.Build.0 = Release|Any CPU
		{71FE7CF6-F239-4795-98DD-CB3F81EE6762}.Ad-Hoc|x64.Deploy.0 = Release|Any CPU
		{71FE7CF6-F239-4795-98DD-CB3F81EE6762}.Ad-Hoc|x86.ActiveCfg = Release|Any CPU
		{71FE7CF6-F239-4795-98DD-CB3F81EE6762}.Ad-Hoc|x86.Build.0 = Release|Any CPU
		{71FE7CF6-F239-4795-98DD-CB3F81EE6762}.Ad-Hoc|x86.Deploy.0 = Release|Any CPU
		{71FE7CF6-F239-4795-98DD-CB3F81EE6762}.AppStore|Any CPU.ActiveCfg = Release|Any CPU
		{71FE7CF6-F239-4795-98DD-CB3F81EE6762}.AppStore|Any CPU.Build.0 = Release|Any CPU
		{71FE7CF6-F239-4795-98DD-CB3F81EE6762}.AppStore|Any CPU.Deploy.0 = Release|Any CPU
		{71FE7CF6-F239-4795-98DD-CB3F81EE6762}.AppStore|ARM.ActiveCfg = Release|Any CPU
		{71FE7CF6-F239-4795-98DD-CB3F81EE6762}.AppStore|ARM.Build.0 = Release|Any CPU
		{71FE7CF6-F239-4795-98DD-CB3F81EE6762}.AppStore|ARM.Deploy.0 = Release|Any CPU
		{71FE7CF6-F239-4795-98DD-CB3F81EE6762}.AppStore|iPhone.ActiveCfg = Release|Any CPU
		{71FE7CF6-F239-4795-98DD-CB3F81EE6762}.AppStore|iPhone.Build.0 = Release|Any CPU
		{71FE7CF6-F239-4795-98DD-CB3F81EE6762}.AppStore|iPhone.Deploy.0 = Release|Any CPU
		{71FE7CF6-F239-4795-98DD-CB3F81EE6762}.AppStore|iPhoneSimulator.ActiveCfg = Release|Any CPU
		{71FE7CF6-F239-4795-98DD-CB3F81EE6762}.AppStore|iPhoneSimulator.Build.0 = Release|Any CPU
		{71FE7CF6-F239-4795-98DD-CB3F81EE6762}.AppStore|iPhoneSimulator.Deploy.0 = Release|Any CPU
		{71FE7CF6-F239-4795-98DD-CB3F81EE6762}.AppStore|x64.ActiveCfg = Release|Any CPU
		{71FE7CF6-F239-4795-98DD-CB3F81EE6762}.AppStore|x64.Build.0 = Release|Any CPU
		{71FE7CF6-F239-4795-98DD-CB3F81EE6762}.AppStore|x64.Deploy.0 = Release|Any CPU
		{71FE7CF6-F239-4795-98DD-CB3F81EE6762}.AppStore|x86.ActiveCfg = Release|Any CPU
		{71FE7CF6-F239-4795-98DD-CB3F81EE6762}.AppStore|x86.Build.0 = Release|Any CPU
		{71FE7CF6-F239-4795-98DD-CB3F81EE6762}.AppStore|x86.Deploy.0 = Release|Any CPU
		{71FE7CF6-F239-4795-98DD-CB3F81EE6762}.Debug|Any CPU.ActiveCfg = Debug|Any CPU
		{71FE7CF6-F239-4795-98DD-CB3F81EE6762}.Debug|Any CPU.Build.0 = Debug|Any CPU
		{71FE7CF6-F239-4795-98DD-CB3F81EE6762}.Debug|Any CPU.Deploy.0 = Debug|Any CPU
		{71FE7CF6-F239-4795-98DD-CB3F81EE6762}.Debug|ARM.ActiveCfg = Debug|Any CPU
		{71FE7CF6-F239-4795-98DD-CB3F81EE6762}.Debug|ARM.Build.0 = Debug|Any CPU
		{71FE7CF6-F239-4795-98DD-CB3F81EE6762}.Debug|ARM.Deploy.0 = Debug|Any CPU
		{71FE7CF6-F239-4795-98DD-CB3F81EE6762}.Debug|iPhone.ActiveCfg = Debug|Any CPU
		{71FE7CF6-F239-4795-98DD-CB3F81EE6762}.Debug|iPhone.Build.0 = Debug|Any CPU
		{71FE7CF6-F239-4795-98DD-CB3F81EE6762}.Debug|iPhone.Deploy.0 = Debug|Any CPU
		{71FE7CF6-F239-4795-98DD-CB3F81EE6762}.Debug|iPhoneSimulator.ActiveCfg = Debug|Any CPU
		{71FE7CF6-F239-4795-98DD-CB3F81EE6762}.Debug|iPhoneSimulator.Build.0 = Debug|Any CPU
		{71FE7CF6-F239-4795-98DD-CB3F81EE6762}.Debug|iPhoneSimulator.Deploy.0 = Debug|Any CPU
		{71FE7CF6-F239-4795-98DD-CB3F81EE6762}.Debug|x64.ActiveCfg = Debug|Any CPU
		{71FE7CF6-F239-4795-98DD-CB3F81EE6762}.Debug|x64.Build.0 = Debug|Any CPU
		{71FE7CF6-F239-4795-98DD-CB3F81EE6762}.Debug|x64.Deploy.0 = Debug|Any CPU
		{71FE7CF6-F239-4795-98DD-CB3F81EE6762}.Debug|x86.ActiveCfg = Debug|Any CPU
		{71FE7CF6-F239-4795-98DD-CB3F81EE6762}.Debug|x86.Build.0 = Debug|Any CPU
		{71FE7CF6-F239-4795-98DD-CB3F81EE6762}.Debug|x86.Deploy.0 = Debug|Any CPU
		{71FE7CF6-F239-4795-98DD-CB3F81EE6762}.Release|Any CPU.ActiveCfg = Release|Any CPU
		{71FE7CF6-F239-4795-98DD-CB3F81EE6762}.Release|Any CPU.Build.0 = Release|Any CPU
		{71FE7CF6-F239-4795-98DD-CB3F81EE6762}.Release|Any CPU.Deploy.0 = Release|Any CPU
		{71FE7CF6-F239-4795-98DD-CB3F81EE6762}.Release|ARM.ActiveCfg = Release|Any CPU
		{71FE7CF6-F239-4795-98DD-CB3F81EE6762}.Release|ARM.Build.0 = Release|Any CPU
		{71FE7CF6-F239-4795-98DD-CB3F81EE6762}.Release|ARM.Deploy.0 = Release|Any CPU
		{71FE7CF6-F239-4795-98DD-CB3F81EE6762}.Release|iPhone.ActiveCfg = Release|Any CPU
		{71FE7CF6-F239-4795-98DD-CB3F81EE6762}.Release|iPhone.Build.0 = Release|Any CPU
		{71FE7CF6-F239-4795-98DD-CB3F81EE6762}.Release|iPhone.Deploy.0 = Release|Any CPU
		{71FE7CF6-F239-4795-98DD-CB3F81EE6762}.Release|iPhoneSimulator.ActiveCfg = Release|Any CPU
		{71FE7CF6-F239-4795-98DD-CB3F81EE6762}.Release|iPhoneSimulator.Build.0 = Release|Any CPU
		{71FE7CF6-F239-4795-98DD-CB3F81EE6762}.Release|iPhoneSimulator.Deploy.0 = Release|Any CPU
		{71FE7CF6-F239-4795-98DD-CB3F81EE6762}.Release|x64.ActiveCfg = Release|Any CPU
		{71FE7CF6-F239-4795-98DD-CB3F81EE6762}.Release|x64.Build.0 = Release|Any CPU
		{71FE7CF6-F239-4795-98DD-CB3F81EE6762}.Release|x64.Deploy.0 = Release|Any CPU
		{71FE7CF6-F239-4795-98DD-CB3F81EE6762}.Release|x86.ActiveCfg = Release|Any CPU
		{71FE7CF6-F239-4795-98DD-CB3F81EE6762}.Release|x86.Build.0 = Release|Any CPU
		{71FE7CF6-F239-4795-98DD-CB3F81EE6762}.Release|x86.Deploy.0 = Release|Any CPU
		{E343673E-B8A7-4D8C-B7FB-0F8EFD30D3BF}.Ad-Hoc|Any CPU.ActiveCfg = Ad-Hoc|iPhone
		{E343673E-B8A7-4D8C-B7FB-0F8EFD30D3BF}.Ad-Hoc|Any CPU.Build.0 = Ad-Hoc|iPhone
		{E343673E-B8A7-4D8C-B7FB-0F8EFD30D3BF}.Ad-Hoc|Any CPU.Deploy.0 = Ad-Hoc|iPhone
		{E343673E-B8A7-4D8C-B7FB-0F8EFD30D3BF}.Ad-Hoc|ARM.ActiveCfg = Ad-Hoc|iPhone
		{E343673E-B8A7-4D8C-B7FB-0F8EFD30D3BF}.Ad-Hoc|ARM.Build.0 = Ad-Hoc|iPhone
		{E343673E-B8A7-4D8C-B7FB-0F8EFD30D3BF}.Ad-Hoc|ARM.Deploy.0 = Ad-Hoc|iPhone
		{E343673E-B8A7-4D8C-B7FB-0F8EFD30D3BF}.Ad-Hoc|iPhone.ActiveCfg = Ad-Hoc|iPhone
		{E343673E-B8A7-4D8C-B7FB-0F8EFD30D3BF}.Ad-Hoc|iPhone.Build.0 = Ad-Hoc|iPhone
		{E343673E-B8A7-4D8C-B7FB-0F8EFD30D3BF}.Ad-Hoc|iPhone.Deploy.0 = Ad-Hoc|iPhone
		{E343673E-B8A7-4D8C-B7FB-0F8EFD30D3BF}.Ad-Hoc|iPhoneSimulator.ActiveCfg = Ad-Hoc|iPhoneSimulator
		{E343673E-B8A7-4D8C-B7FB-0F8EFD30D3BF}.Ad-Hoc|iPhoneSimulator.Build.0 = Ad-Hoc|iPhoneSimulator
		{E343673E-B8A7-4D8C-B7FB-0F8EFD30D3BF}.Ad-Hoc|iPhoneSimulator.Deploy.0 = Ad-Hoc|iPhoneSimulator
		{E343673E-B8A7-4D8C-B7FB-0F8EFD30D3BF}.Ad-Hoc|x64.ActiveCfg = Ad-Hoc|iPhone
		{E343673E-B8A7-4D8C-B7FB-0F8EFD30D3BF}.Ad-Hoc|x64.Build.0 = Ad-Hoc|iPhone
		{E343673E-B8A7-4D8C-B7FB-0F8EFD30D3BF}.Ad-Hoc|x64.Deploy.0 = Ad-Hoc|iPhone
		{E343673E-B8A7-4D8C-B7FB-0F8EFD30D3BF}.Ad-Hoc|x86.ActiveCfg = Ad-Hoc|iPhone
		{E343673E-B8A7-4D8C-B7FB-0F8EFD30D3BF}.Ad-Hoc|x86.Build.0 = Ad-Hoc|iPhone
		{E343673E-B8A7-4D8C-B7FB-0F8EFD30D3BF}.Ad-Hoc|x86.Deploy.0 = Ad-Hoc|iPhone
		{E343673E-B8A7-4D8C-B7FB-0F8EFD30D3BF}.AppStore|Any CPU.ActiveCfg = AppStore|iPhone
		{E343673E-B8A7-4D8C-B7FB-0F8EFD30D3BF}.AppStore|Any CPU.Build.0 = AppStore|iPhone
		{E343673E-B8A7-4D8C-B7FB-0F8EFD30D3BF}.AppStore|Any CPU.Deploy.0 = AppStore|iPhone
		{E343673E-B8A7-4D8C-B7FB-0F8EFD30D3BF}.AppStore|ARM.ActiveCfg = AppStore|iPhone
		{E343673E-B8A7-4D8C-B7FB-0F8EFD30D3BF}.AppStore|ARM.Build.0 = AppStore|iPhone
		{E343673E-B8A7-4D8C-B7FB-0F8EFD30D3BF}.AppStore|ARM.Deploy.0 = AppStore|iPhone
		{E343673E-B8A7-4D8C-B7FB-0F8EFD30D3BF}.AppStore|iPhone.ActiveCfg = AppStore|iPhone
		{E343673E-B8A7-4D8C-B7FB-0F8EFD30D3BF}.AppStore|iPhone.Build.0 = AppStore|iPhone
		{E343673E-B8A7-4D8C-B7FB-0F8EFD30D3BF}.AppStore|iPhone.Deploy.0 = AppStore|iPhone
		{E343673E-B8A7-4D8C-B7FB-0F8EFD30D3BF}.AppStore|iPhoneSimulator.ActiveCfg = AppStore|iPhoneSimulator
		{E343673E-B8A7-4D8C-B7FB-0F8EFD30D3BF}.AppStore|iPhoneSimulator.Build.0 = AppStore|iPhoneSimulator
		{E343673E-B8A7-4D8C-B7FB-0F8EFD30D3BF}.AppStore|iPhoneSimulator.Deploy.0 = AppStore|iPhoneSimulator
		{E343673E-B8A7-4D8C-B7FB-0F8EFD30D3BF}.AppStore|x64.ActiveCfg = AppStore|iPhone
		{E343673E-B8A7-4D8C-B7FB-0F8EFD30D3BF}.AppStore|x64.Build.0 = AppStore|iPhone
		{E343673E-B8A7-4D8C-B7FB-0F8EFD30D3BF}.AppStore|x64.Deploy.0 = AppStore|iPhone
		{E343673E-B8A7-4D8C-B7FB-0F8EFD30D3BF}.AppStore|x86.ActiveCfg = AppStore|iPhone
		{E343673E-B8A7-4D8C-B7FB-0F8EFD30D3BF}.AppStore|x86.Build.0 = AppStore|iPhone
		{E343673E-B8A7-4D8C-B7FB-0F8EFD30D3BF}.AppStore|x86.Deploy.0 = AppStore|iPhone
		{E343673E-B8A7-4D8C-B7FB-0F8EFD30D3BF}.Debug|Any CPU.ActiveCfg = Debug|iPhoneSimulator
		{E343673E-B8A7-4D8C-B7FB-0F8EFD30D3BF}.Debug|Any CPU.Build.0 = Debug|iPhoneSimulator
		{E343673E-B8A7-4D8C-B7FB-0F8EFD30D3BF}.Debug|Any CPU.Deploy.0 = Debug|iPhoneSimulator
		{E343673E-B8A7-4D8C-B7FB-0F8EFD30D3BF}.Debug|ARM.ActiveCfg = Debug|iPhone
		{E343673E-B8A7-4D8C-B7FB-0F8EFD30D3BF}.Debug|ARM.Build.0 = Debug|iPhone
		{E343673E-B8A7-4D8C-B7FB-0F8EFD30D3BF}.Debug|ARM.Deploy.0 = Debug|iPhone
		{E343673E-B8A7-4D8C-B7FB-0F8EFD30D3BF}.Debug|iPhone.ActiveCfg = Debug|iPhone
		{E343673E-B8A7-4D8C-B7FB-0F8EFD30D3BF}.Debug|iPhone.Build.0 = Debug|iPhone
		{E343673E-B8A7-4D8C-B7FB-0F8EFD30D3BF}.Debug|iPhone.Deploy.0 = Debug|iPhone
		{E343673E-B8A7-4D8C-B7FB-0F8EFD30D3BF}.Debug|iPhoneSimulator.ActiveCfg = Debug|iPhoneSimulator
		{E343673E-B8A7-4D8C-B7FB-0F8EFD30D3BF}.Debug|iPhoneSimulator.Build.0 = Debug|iPhoneSimulator
		{E343673E-B8A7-4D8C-B7FB-0F8EFD30D3BF}.Debug|iPhoneSimulator.Deploy.0 = Debug|iPhoneSimulator
		{E343673E-B8A7-4D8C-B7FB-0F8EFD30D3BF}.Debug|x64.ActiveCfg = Debug|iPhone
		{E343673E-B8A7-4D8C-B7FB-0F8EFD30D3BF}.Debug|x64.Build.0 = Debug|iPhone
		{E343673E-B8A7-4D8C-B7FB-0F8EFD30D3BF}.Debug|x64.Deploy.0 = Debug|iPhone
		{E343673E-B8A7-4D8C-B7FB-0F8EFD30D3BF}.Debug|x86.ActiveCfg = Debug|iPhone
		{E343673E-B8A7-4D8C-B7FB-0F8EFD30D3BF}.Debug|x86.Build.0 = Debug|iPhone
		{E343673E-B8A7-4D8C-B7FB-0F8EFD30D3BF}.Debug|x86.Deploy.0 = Debug|iPhone
		{E343673E-B8A7-4D8C-B7FB-0F8EFD30D3BF}.Release|Any CPU.ActiveCfg = Release|iPhone
		{E343673E-B8A7-4D8C-B7FB-0F8EFD30D3BF}.Release|Any CPU.Build.0 = Release|iPhone
		{E343673E-B8A7-4D8C-B7FB-0F8EFD30D3BF}.Release|Any CPU.Deploy.0 = Release|iPhone
		{E343673E-B8A7-4D8C-B7FB-0F8EFD30D3BF}.Release|ARM.ActiveCfg = Release|iPhone
		{E343673E-B8A7-4D8C-B7FB-0F8EFD30D3BF}.Release|ARM.Build.0 = Release|iPhone
		{E343673E-B8A7-4D8C-B7FB-0F8EFD30D3BF}.Release|ARM.Deploy.0 = Release|iPhone
		{E343673E-B8A7-4D8C-B7FB-0F8EFD30D3BF}.Release|iPhone.ActiveCfg = Release|iPhone
		{E343673E-B8A7-4D8C-B7FB-0F8EFD30D3BF}.Release|iPhone.Build.0 = Release|iPhone
		{E343673E-B8A7-4D8C-B7FB-0F8EFD30D3BF}.Release|iPhone.Deploy.0 = Release|iPhone
		{E343673E-B8A7-4D8C-B7FB-0F8EFD30D3BF}.Release|iPhoneSimulator.ActiveCfg = Release|iPhoneSimulator
		{E343673E-B8A7-4D8C-B7FB-0F8EFD30D3BF}.Release|iPhoneSimulator.Build.0 = Release|iPhoneSimulator
		{E343673E-B8A7-4D8C-B7FB-0F8EFD30D3BF}.Release|iPhoneSimulator.Deploy.0 = Release|iPhoneSimulator
		{E343673E-B8A7-4D8C-B7FB-0F8EFD30D3BF}.Release|x64.ActiveCfg = Release|iPhone
		{E343673E-B8A7-4D8C-B7FB-0F8EFD30D3BF}.Release|x64.Build.0 = Release|iPhone
		{E343673E-B8A7-4D8C-B7FB-0F8EFD30D3BF}.Release|x64.Deploy.0 = Release|iPhone
		{E343673E-B8A7-4D8C-B7FB-0F8EFD30D3BF}.Release|x86.ActiveCfg = Release|iPhone
		{E343673E-B8A7-4D8C-B7FB-0F8EFD30D3BF}.Release|x86.Build.0 = Release|iPhone
		{E343673E-B8A7-4D8C-B7FB-0F8EFD30D3BF}.Release|x86.Deploy.0 = Release|iPhone
		{DD9DD0E2-79E0-469C-B964-29CFD0667E46}.Ad-Hoc|Any CPU.ActiveCfg = Release|x86
		{DD9DD0E2-79E0-469C-B964-29CFD0667E46}.Ad-Hoc|Any CPU.Build.0 = Release|x86
		{DD9DD0E2-79E0-469C-B964-29CFD0667E46}.Ad-Hoc|Any CPU.Deploy.0 = Release|x86
		{DD9DD0E2-79E0-469C-B964-29CFD0667E46}.Ad-Hoc|ARM.ActiveCfg = Release|ARM
		{DD9DD0E2-79E0-469C-B964-29CFD0667E46}.Ad-Hoc|ARM.Build.0 = Release|ARM
		{DD9DD0E2-79E0-469C-B964-29CFD0667E46}.Ad-Hoc|ARM.Deploy.0 = Release|ARM
		{DD9DD0E2-79E0-469C-B964-29CFD0667E46}.Ad-Hoc|iPhone.ActiveCfg = Release|x86
		{DD9DD0E2-79E0-469C-B964-29CFD0667E46}.Ad-Hoc|iPhone.Build.0 = Release|x86
		{DD9DD0E2-79E0-469C-B964-29CFD0667E46}.Ad-Hoc|iPhone.Deploy.0 = Release|x86
		{DD9DD0E2-79E0-469C-B964-29CFD0667E46}.Ad-Hoc|iPhoneSimulator.ActiveCfg = Release|x86
		{DD9DD0E2-79E0-469C-B964-29CFD0667E46}.Ad-Hoc|iPhoneSimulator.Build.0 = Release|x86
		{DD9DD0E2-79E0-469C-B964-29CFD0667E46}.Ad-Hoc|iPhoneSimulator.Deploy.0 = Release|x86
		{DD9DD0E2-79E0-469C-B964-29CFD0667E46}.Ad-Hoc|x64.ActiveCfg = Release|x64
		{DD9DD0E2-79E0-469C-B964-29CFD0667E46}.Ad-Hoc|x64.Build.0 = Release|x64
		{DD9DD0E2-79E0-469C-B964-29CFD0667E46}.Ad-Hoc|x64.Deploy.0 = Release|x64
		{DD9DD0E2-79E0-469C-B964-29CFD0667E46}.Ad-Hoc|x86.ActiveCfg = Release|x86
		{DD9DD0E2-79E0-469C-B964-29CFD0667E46}.Ad-Hoc|x86.Build.0 = Release|x86
		{DD9DD0E2-79E0-469C-B964-29CFD0667E46}.Ad-Hoc|x86.Deploy.0 = Release|x86
		{DD9DD0E2-79E0-469C-B964-29CFD0667E46}.AppStore|Any CPU.ActiveCfg = Release|x86
		{DD9DD0E2-79E0-469C-B964-29CFD0667E46}.AppStore|Any CPU.Build.0 = Release|x86
		{DD9DD0E2-79E0-469C-B964-29CFD0667E46}.AppStore|Any CPU.Deploy.0 = Release|x86
		{DD9DD0E2-79E0-469C-B964-29CFD0667E46}.AppStore|ARM.ActiveCfg = Release|ARM
		{DD9DD0E2-79E0-469C-B964-29CFD0667E46}.AppStore|ARM.Build.0 = Release|ARM
		{DD9DD0E2-79E0-469C-B964-29CFD0667E46}.AppStore|ARM.Deploy.0 = Release|ARM
		{DD9DD0E2-79E0-469C-B964-29CFD0667E46}.AppStore|iPhone.ActiveCfg = Release|x86
		{DD9DD0E2-79E0-469C-B964-29CFD0667E46}.AppStore|iPhone.Build.0 = Release|x86
		{DD9DD0E2-79E0-469C-B964-29CFD0667E46}.AppStore|iPhone.Deploy.0 = Release|x86
		{DD9DD0E2-79E0-469C-B964-29CFD0667E46}.AppStore|iPhoneSimulator.ActiveCfg = Release|x86
		{DD9DD0E2-79E0-469C-B964-29CFD0667E46}.AppStore|iPhoneSimulator.Build.0 = Release|x86
		{DD9DD0E2-79E0-469C-B964-29CFD0667E46}.AppStore|iPhoneSimulator.Deploy.0 = Release|x86
		{DD9DD0E2-79E0-469C-B964-29CFD0667E46}.AppStore|x64.ActiveCfg = Release|x64
		{DD9DD0E2-79E0-469C-B964-29CFD0667E46}.AppStore|x64.Build.0 = Release|x64
		{DD9DD0E2-79E0-469C-B964-29CFD0667E46}.AppStore|x64.Deploy.0 = Release|x64
		{DD9DD0E2-79E0-469C-B964-29CFD0667E46}.AppStore|x86.ActiveCfg = Release|x86
		{DD9DD0E2-79E0-469C-B964-29CFD0667E46}.AppStore|x86.Build.0 = Release|x86
		{DD9DD0E2-79E0-469C-B964-29CFD0667E46}.AppStore|x86.Deploy.0 = Release|x86
		{DD9DD0E2-79E0-469C-B964-29CFD0667E46}.Debug|Any CPU.ActiveCfg = Debug|x86
		{DD9DD0E2-79E0-469C-B964-29CFD0667E46}.Debug|Any CPU.Build.0 = Debug|x86
		{DD9DD0E2-79E0-469C-B964-29CFD0667E46}.Debug|Any CPU.Deploy.0 = Debug|x86
		{DD9DD0E2-79E0-469C-B964-29CFD0667E46}.Debug|ARM.ActiveCfg = Debug|ARM
		{DD9DD0E2-79E0-469C-B964-29CFD0667E46}.Debug|ARM.Build.0 = Debug|ARM
		{DD9DD0E2-79E0-469C-B964-29CFD0667E46}.Debug|ARM.Deploy.0 = Debug|ARM
		{DD9DD0E2-79E0-469C-B964-29CFD0667E46}.Debug|iPhone.ActiveCfg = Debug|x86
		{DD9DD0E2-79E0-469C-B964-29CFD0667E46}.Debug|iPhone.Build.0 = Debug|x86
		{DD9DD0E2-79E0-469C-B964-29CFD0667E46}.Debug|iPhone.Deploy.0 = Debug|x86
		{DD9DD0E2-79E0-469C-B964-29CFD0667E46}.Debug|iPhoneSimulator.ActiveCfg = Debug|x86
		{DD9DD0E2-79E0-469C-B964-29CFD0667E46}.Debug|iPhoneSimulator.Build.0 = Debug|x86
		{DD9DD0E2-79E0-469C-B964-29CFD0667E46}.Debug|iPhoneSimulator.Deploy.0 = Debug|x86
		{DD9DD0E2-79E0-469C-B964-29CFD0667E46}.Debug|x64.ActiveCfg = Debug|x64
		{DD9DD0E2-79E0-469C-B964-29CFD0667E46}.Debug|x64.Build.0 = Debug|x64
		{DD9DD0E2-79E0-469C-B964-29CFD0667E46}.Debug|x64.Deploy.0 = Debug|x64
		{DD9DD0E2-79E0-469C-B964-29CFD0667E46}.Debug|x86.ActiveCfg = Debug|x86
		{DD9DD0E2-79E0-469C-B964-29CFD0667E46}.Debug|x86.Build.0 = Debug|x86
		{DD9DD0E2-79E0-469C-B964-29CFD0667E46}.Debug|x86.Deploy.0 = Debug|x86
		{DD9DD0E2-79E0-469C-B964-29CFD0667E46}.Release|Any CPU.ActiveCfg = Release|x86
		{DD9DD0E2-79E0-469C-B964-29CFD0667E46}.Release|Any CPU.Build.0 = Release|x86
		{DD9DD0E2-79E0-469C-B964-29CFD0667E46}.Release|Any CPU.Deploy.0 = Release|x86
		{DD9DD0E2-79E0-469C-B964-29CFD0667E46}.Release|ARM.ActiveCfg = Release|ARM
		{DD9DD0E2-79E0-469C-B964-29CFD0667E46}.Release|ARM.Build.0 = Release|ARM
		{DD9DD0E2-79E0-469C-B964-29CFD0667E46}.Release|ARM.Deploy.0 = Release|ARM
		{DD9DD0E2-79E0-469C-B964-29CFD0667E46}.Release|iPhone.ActiveCfg = Release|x86
		{DD9DD0E2-79E0-469C-B964-29CFD0667E46}.Release|iPhone.Build.0 = Release|x86
		{DD9DD0E2-79E0-469C-B964-29CFD0667E46}.Release|iPhone.Deploy.0 = Release|x86
		{DD9DD0E2-79E0-469C-B964-29CFD0667E46}.Release|iPhoneSimulator.ActiveCfg = Release|x86
		{DD9DD0E2-79E0-469C-B964-29CFD0667E46}.Release|iPhoneSimulator.Build.0 = Release|x86
		{DD9DD0E2-79E0-469C-B964-29CFD0667E46}.Release|iPhoneSimulator.Deploy.0 = Release|x86
		{DD9DD0E2-79E0-469C-B964-29CFD0667E46}.Release|x64.ActiveCfg = Release|x64
		{DD9DD0E2-79E0-469C-B964-29CFD0667E46}.Release|x64.Build.0 = Release|x64
		{DD9DD0E2-79E0-469C-B964-29CFD0667E46}.Release|x64.Deploy.0 = Release|x64
		{DD9DD0E2-79E0-469C-B964-29CFD0667E46}.Release|x86.ActiveCfg = Release|x86
		{DD9DD0E2-79E0-469C-B964-29CFD0667E46}.Release|x86.Build.0 = Release|x86
		{DD9DD0E2-79E0-469C-B964-29CFD0667E46}.Release|x86.Deploy.0 = Release|x86
		{0B7E0A3D-D196-42CE-8982-43A65281AFDF}.Ad-Hoc|Any CPU.ActiveCfg = Debug|Any CPU
		{0B7E0A3D-D196-42CE-8982-43A65281AFDF}.Ad-Hoc|Any CPU.Build.0 = Debug|Any CPU
		{0B7E0A3D-D196-42CE-8982-43A65281AFDF}.Ad-Hoc|Any CPU.Deploy.0 = Debug|Any CPU
		{0B7E0A3D-D196-42CE-8982-43A65281AFDF}.Ad-Hoc|ARM.ActiveCfg = Debug|Any CPU
		{0B7E0A3D-D196-42CE-8982-43A65281AFDF}.Ad-Hoc|ARM.Build.0 = Debug|Any CPU
		{0B7E0A3D-D196-42CE-8982-43A65281AFDF}.Ad-Hoc|ARM.Deploy.0 = Debug|Any CPU
		{0B7E0A3D-D196-42CE-8982-43A65281AFDF}.Ad-Hoc|iPhone.ActiveCfg = Debug|Any CPU
		{0B7E0A3D-D196-42CE-8982-43A65281AFDF}.Ad-Hoc|iPhone.Build.0 = Debug|Any CPU
		{0B7E0A3D-D196-42CE-8982-43A65281AFDF}.Ad-Hoc|iPhone.Deploy.0 = Debug|Any CPU
		{0B7E0A3D-D196-42CE-8982-43A65281AFDF}.Ad-Hoc|iPhoneSimulator.ActiveCfg = Debug|Any CPU
		{0B7E0A3D-D196-42CE-8982-43A65281AFDF}.Ad-Hoc|iPhoneSimulator.Build.0 = Debug|Any CPU
		{0B7E0A3D-D196-42CE-8982-43A65281AFDF}.Ad-Hoc|iPhoneSimulator.Deploy.0 = Debug|Any CPU
		{0B7E0A3D-D196-42CE-8982-43A65281AFDF}.Ad-Hoc|x64.ActiveCfg = Debug|Any CPU
		{0B7E0A3D-D196-42CE-8982-43A65281AFDF}.Ad-Hoc|x64.Build.0 = Debug|Any CPU
		{0B7E0A3D-D196-42CE-8982-43A65281AFDF}.Ad-Hoc|x64.Deploy.0 = Debug|Any CPU
		{0B7E0A3D-D196-42CE-8982-43A65281AFDF}.Ad-Hoc|x86.ActiveCfg = Debug|Any CPU
		{0B7E0A3D-D196-42CE-8982-43A65281AFDF}.Ad-Hoc|x86.Build.0 = Debug|Any CPU
		{0B7E0A3D-D196-42CE-8982-43A65281AFDF}.Ad-Hoc|x86.Deploy.0 = Debug|Any CPU
		{0B7E0A3D-D196-42CE-8982-43A65281AFDF}.AppStore|Any CPU.ActiveCfg = Debug|Any CPU
		{0B7E0A3D-D196-42CE-8982-43A65281AFDF}.AppStore|Any CPU.Build.0 = Debug|Any CPU
		{0B7E0A3D-D196-42CE-8982-43A65281AFDF}.AppStore|Any CPU.Deploy.0 = Debug|Any CPU
		{0B7E0A3D-D196-42CE-8982-43A65281AFDF}.AppStore|ARM.ActiveCfg = Debug|Any CPU
		{0B7E0A3D-D196-42CE-8982-43A65281AFDF}.AppStore|ARM.Build.0 = Debug|Any CPU
		{0B7E0A3D-D196-42CE-8982-43A65281AFDF}.AppStore|ARM.Deploy.0 = Debug|Any CPU
		{0B7E0A3D-D196-42CE-8982-43A65281AFDF}.AppStore|iPhone.ActiveCfg = Debug|Any CPU
		{0B7E0A3D-D196-42CE-8982-43A65281AFDF}.AppStore|iPhone.Build.0 = Debug|Any CPU
		{0B7E0A3D-D196-42CE-8982-43A65281AFDF}.AppStore|iPhone.Deploy.0 = Debug|Any CPU
		{0B7E0A3D-D196-42CE-8982-43A65281AFDF}.AppStore|iPhoneSimulator.ActiveCfg = Debug|Any CPU
		{0B7E0A3D-D196-42CE-8982-43A65281AFDF}.AppStore|iPhoneSimulator.Build.0 = Debug|Any CPU
		{0B7E0A3D-D196-42CE-8982-43A65281AFDF}.AppStore|iPhoneSimulator.Deploy.0 = Debug|Any CPU
		{0B7E0A3D-D196-42CE-8982-43A65281AFDF}.AppStore|x64.ActiveCfg = Debug|Any CPU
		{0B7E0A3D-D196-42CE-8982-43A65281AFDF}.AppStore|x64.Build.0 = Debug|Any CPU
		{0B7E0A3D-D196-42CE-8982-43A65281AFDF}.AppStore|x64.Deploy.0 = Debug|Any CPU
		{0B7E0A3D-D196-42CE-8982-43A65281AFDF}.AppStore|x86.ActiveCfg = Debug|Any CPU
		{0B7E0A3D-D196-42CE-8982-43A65281AFDF}.AppStore|x86.Build.0 = Debug|Any CPU
		{0B7E0A3D-D196-42CE-8982-43A65281AFDF}.AppStore|x86.Deploy.0 = Debug|Any CPU
		{0B7E0A3D-D196-42CE-8982-43A65281AFDF}.Debug|Any CPU.ActiveCfg = Debug|Any CPU
		{0B7E0A3D-D196-42CE-8982-43A65281AFDF}.Debug|Any CPU.Build.0 = Debug|Any CPU
		{0B7E0A3D-D196-42CE-8982-43A65281AFDF}.Debug|Any CPU.Deploy.0 = Debug|Any CPU
		{0B7E0A3D-D196-42CE-8982-43A65281AFDF}.Debug|ARM.ActiveCfg = Debug|Any CPU
		{0B7E0A3D-D196-42CE-8982-43A65281AFDF}.Debug|ARM.Build.0 = Debug|Any CPU
		{0B7E0A3D-D196-42CE-8982-43A65281AFDF}.Debug|ARM.Deploy.0 = Debug|Any CPU
		{0B7E0A3D-D196-42CE-8982-43A65281AFDF}.Debug|iPhone.ActiveCfg = Debug|Any CPU
		{0B7E0A3D-D196-42CE-8982-43A65281AFDF}.Debug|iPhone.Build.0 = Debug|Any CPU
		{0B7E0A3D-D196-42CE-8982-43A65281AFDF}.Debug|iPhone.Deploy.0 = Debug|Any CPU
		{0B7E0A3D-D196-42CE-8982-43A65281AFDF}.Debug|iPhoneSimulator.ActiveCfg = Debug|Any CPU
		{0B7E0A3D-D196-42CE-8982-43A65281AFDF}.Debug|iPhoneSimulator.Build.0 = Debug|Any CPU
		{0B7E0A3D-D196-42CE-8982-43A65281AFDF}.Debug|iPhoneSimulator.Deploy.0 = Debug|Any CPU
		{0B7E0A3D-D196-42CE-8982-43A65281AFDF}.Debug|x64.ActiveCfg = Debug|Any CPU
		{0B7E0A3D-D196-42CE-8982-43A65281AFDF}.Debug|x64.Build.0 = Debug|Any CPU
		{0B7E0A3D-D196-42CE-8982-43A65281AFDF}.Debug|x64.Deploy.0 = Debug|Any CPU
		{0B7E0A3D-D196-42CE-8982-43A65281AFDF}.Debug|x86.ActiveCfg = Debug|Any CPU
		{0B7E0A3D-D196-42CE-8982-43A65281AFDF}.Debug|x86.Build.0 = Debug|Any CPU
		{0B7E0A3D-D196-42CE-8982-43A65281AFDF}.Debug|x86.Deploy.0 = Debug|Any CPU
		{0B7E0A3D-D196-42CE-8982-43A65281AFDF}.Release|Any CPU.ActiveCfg = Release|Any CPU
		{0B7E0A3D-D196-42CE-8982-43A65281AFDF}.Release|Any CPU.Build.0 = Release|Any CPU
		{0B7E0A3D-D196-42CE-8982-43A65281AFDF}.Release|Any CPU.Deploy.0 = Release|Any CPU
		{0B7E0A3D-D196-42CE-8982-43A65281AFDF}.Release|ARM.ActiveCfg = Release|Any CPU
		{0B7E0A3D-D196-42CE-8982-43A65281AFDF}.Release|ARM.Build.0 = Release|Any CPU
		{0B7E0A3D-D196-42CE-8982-43A65281AFDF}.Release|ARM.Deploy.0 = Release|Any CPU
		{0B7E0A3D-D196-42CE-8982-43A65281AFDF}.Release|iPhone.ActiveCfg = Release|Any CPU
		{0B7E0A3D-D196-42CE-8982-43A65281AFDF}.Release|iPhone.Build.0 = Release|Any CPU
		{0B7E0A3D-D196-42CE-8982-43A65281AFDF}.Release|iPhone.Deploy.0 = Release|Any CPU
		{0B7E0A3D-D196-42CE-8982-43A65281AFDF}.Release|iPhoneSimulator.ActiveCfg = Release|Any CPU
		{0B7E0A3D-D196-42CE-8982-43A65281AFDF}.Release|iPhoneSimulator.Build.0 = Release|Any CPU
		{0B7E0A3D-D196-42CE-8982-43A65281AFDF}.Release|iPhoneSimulator.Deploy.0 = Release|Any CPU
		{0B7E0A3D-D196-42CE-8982-43A65281AFDF}.Release|x64.ActiveCfg = Release|Any CPU
		{0B7E0A3D-D196-42CE-8982-43A65281AFDF}.Release|x64.Build.0 = Release|Any CPU
		{0B7E0A3D-D196-42CE-8982-43A65281AFDF}.Release|x64.Deploy.0 = Release|Any CPU
		{0B7E0A3D-D196-42CE-8982-43A65281AFDF}.Release|x86.ActiveCfg = Release|Any CPU
		{0B7E0A3D-D196-42CE-8982-43A65281AFDF}.Release|x86.Build.0 = Release|Any CPU
		{0B7E0A3D-D196-42CE-8982-43A65281AFDF}.Release|x86.Deploy.0 = Release|Any CPU
	EndGlobalSection
	GlobalSection(SolutionProperties) = preSolution
		HideSolutionNode = FALSE
	EndGlobalSection
	GlobalSection(ExtensibilityGlobals) = postSolution
		SolutionGuid = {982CDAB3-F873-4414-9CE1-57E0FC042375}
	EndGlobalSection
EndGlobal
